
Microsoft Visual Studio Solution File, Format Version 12.00
# Visual Studio 2013
VisualStudioVersion = 12.0.31101.0
MinimumVisualStudioVersion = 10.0.40219.1
Project("{FAE04EC0-301F-11D3-BF4B-00C04F79EFBC}") = "04.HelloWorld", "HelloWorld\04.HelloWorld.csproj", "{E928B356-1A9B-4305-BE07-02CA9369846D}"
EndProject
Project("{FAE04EC0-301F-11D3-BF4B-00C04F79EFBC}") = "05.PrintYourName", "PrintYourName\05.PrintYourName.csproj", "{D82A785B-9962-4708-BA8A-A7F2A1DC9696}"
EndProject
Project("{FAE04EC0-301F-11D3-BF4B-00C04F79EFBC}") = "06.PrintNumbers", "PrintNumbers\06.PrintNumbers.csproj", "{E03EB925-2FED-43DB-9775-654363E8C8DB}"
EndProject
Project("{FAE04EC0-301F-11D3-BF4B-00C04F79EFBC}") = "07.PrintFirstLast", "PrintFirstLast\07.PrintFirstLast.csproj", "{7FD69984-BA36-45D7-8690-98BAF3F9E1AC}"
EndProject
Project("{FAE04EC0-301F-11D3-BF4B-00C04F79EFBC}") = "08.SquareRoot", "SquareRoot\08.SquareRoot.csproj", "{6D94736A-52AE-42A8-94B9-D51BD144DD28}"
EndProject
Project("{FAE04EC0-301F-11D3-BF4B-00C04F79EFBC}") = "09.PrintSequence", "PrintSequence\09.PrintSequence.csproj", "{9FFE04FF-E3C0-4424-8D16-339FD123A926}"
EndProject
Project("{FAE04EC0-301F-11D3-BF4B-00C04F79EFBC}") = "10.ReformatCode", "ReformatCode\10.ReformatCode.csproj", "{EDC7020A-1A7B-42B8-8F03-218C6C3BAD52}"
EndProject
Project("{FAE04EC0-301F-11D3-BF4B-00C04F79EFBC}") = "14.CurrentDateTime", "CurrentDateTime\14.CurrentDateTime.csproj", "{B0EFF0FC-9DB0-4157-BA47-C9CBE07E5E56}"
EndProject
Project("{FAE04EC0-301F-11D3-BF4B-00C04F79EFBC}") = "15.AgeAfter10Years", "AgeAfter10Years\15.AgeAfter10Years.csproj", "{008D19C4-C342-42A7-851C-690FFB24C8F7}"
EndProject
Project("{FAE04EC0-301F-11D3-BF4B-00C04F79EFBC}") = "16.LongSequence", "LongSequence\16.LongSequence.csproj", "{EAF2F48B-C2BC-43C5-BDC9-B82C2F814047}"
EndProject
Global
	GlobalSection(SolutionConfigurationPlatforms) = preSolution
		Debug|Any CPU = Debug|Any CPU
		Release|Any CPU = Release|Any CPU
	EndGlobalSection
	GlobalSection(ProjectConfigurationPlatforms) = postSolution
		{E928B356-1A9B-4305-BE07-02CA9369846D}.Debug|Any CPU.ActiveCfg = Debug|Any CPU
		{E928B356-1A9B-4305-BE07-02CA9369846D}.Debug|Any CPU.Build.0 = Debug|Any CPU
		{E928B356-1A9B-4305-BE07-02CA9369846D}.Release|Any CPU.ActiveCfg = Release|Any CPU
		{E928B356-1A9B-4305-BE07-02CA9369846D}.Release|Any CPU.Build.0 = Release|Any CPU
		{D82A785B-9962-4708-BA8A-A7F2A1DC9696}.Debug|Any CPU.ActiveCfg = Debug|Any CPU
		{D82A785B-9962-4708-BA8A-A7F2A1DC9696}.Debug|Any CPU.Build.0 = Debug|Any CPU
		{D82A785B-9962-4708-BA8A-A7F2A1DC9696}.Release|Any CPU.ActiveCfg = Release|Any CPU
		{D82A785B-9962-4708-BA8A-A7F2A1DC9696}.Release|Any CPU.Build.0 = Release|Any CPU
		{E03EB925-2FED-43DB-9775-654363E8C8DB}.Debug|Any CPU.ActiveCfg = Debug|Any CPU
		{E03EB925-2FED-43DB-9775-654363E8C8DB}.Debug|Any CPU.Build.0 = Debug|Any CPU
		{E03EB925-2FED-43DB-9775-654363E8C8DB}.Release|Any CPU.ActiveCfg = Release|Any CPU
		{E03EB925-2FED-43DB-9775-654363E8C8DB}.Release|Any CPU.Build.0 = Release|Any CPU
		{7FD69984-BA36-45D7-8690-98BAF3F9E1AC}.Debug|Any CPU.ActiveCfg = Debug|Any CPU
		{7FD69984-BA36-45D7-8690-98BAF3F9E1AC}.Debug|Any CPU.Build.0 = Debug|Any CPU
		{7FD69984-BA36-45D7-8690-98BAF3F9E1AC}.Release|Any CPU.ActiveCfg = Release|Any CPU
		{7FD69984-BA36-45D7-8690-98BAF3F9E1AC}.Release|Any CPU.Build.0 = Release|Any CPU
		{6D94736A-52AE-42A8-94B9-D51BD144DD28}.Debug|Any CPU.ActiveCfg = Debug|Any CPU
		{6D94736A-52AE-42A8-94B9-D51BD144DD28}.Debug|Any CPU.Build.0 = Debug|Any CPU
		{6D94736A-52AE-42A8-94B9-D51BD144DD28}.Release|Any CPU.ActiveCfg = Release|Any CPU
		{6D94736A-52AE-42A8-94B9-D51BD144DD28}.Release|Any CPU.Build.0 = Release|Any CPU
		{9FFE04FF-E3C0-4424-8D16-339FD123A926}.Debug|Any CPU.ActiveCfg = Debug|Any CPU
		{9FFE04FF-E3C0-4424-8D16-339FD123A926}.Debug|Any CPU.Build.0 = Debug|Any CPU
		{9FFE04FF-E3C0-4424-8D16-339FD123A926}.Release|Any CPU.ActiveCfg = Release|Any CPU
		{9FFE04FF-E3C0-4424-8D16-339FD123A926}.Release|Any CPU.Build.0 = Release|Any CPU
		{EDC7020A-1A7B-42B8-8F03-218C6C3BAD52}.Debug|Any CPU.ActiveCfg = Debug|Any CPU
		{EDC7020A-1A7B-42B8-8F03-218C6C3BAD52}.Debug|Any CPU.Build.0 = Debug|Any CPU
		{EDC7020A-1A7B-42B8-8F03-218C6C3BAD52}.Release|Any CPU.ActiveCfg = Release|Any CPU
		{EDC7020A-1A7B-42B8-8F03-218C6C3BAD52}.Release|Any CPU.Build.0 = Release|Any CPU
		{B0EFF0FC-9DB0-4157-BA47-C9CBE07E5E56}.Debug|Any CPU.ActiveCfg = Debug|Any CPU
		{B0EFF0FC-9DB0-4157-BA47-C9CBE07E5E56}.Debug|Any CPU.Build.0 = Debug|Any CPU
		{B0EFF0FC-9DB0-4157-BA47-C9CBE07E5E56}.Release|Any CPU.ActiveCfg = Release|Any CPU
		{B0EFF0FC-9DB0-4157-BA47-C9CBE07E5E56}.Release|Any CPU.Build.0 = Release|Any CPU
		{008D19C4-C342-42A7-851C-690FFB24C8F7}.Debug|Any CPU.ActiveCfg = Debug|Any CPU
		{008D19C4-C342-42A7-851C-690FFB24C8F7}.Debug|Any CPU.Build.0 = Debug|Any CPU
		{008D19C4-C342-42A7-851C-690FFB24C8F7}.Release|Any CPU.ActiveCfg = Release|Any CPU
		{008D19C4-C342-42A7-851C-690FFB24C8F7}.Release|Any CPU.Build.0 = Release|Any CPU
		{EAF2F48B-C2BC-43C5-BDC9-B82C2F814047}.Debug|Any CPU.ActiveCfg = Debug|Any CPU
		{EAF2F48B-C2BC-43C5-BDC9-B82C2F814047}.Debug|Any CPU.Build.0 = Debug|Any CPU
		{EAF2F48B-C2BC-43C5-BDC9-B82C2F814047}.Release|Any CPU.ActiveCfg = Release|Any CPU
		{EAF2F48B-C2BC-43C5-BDC9-B82C2F814047}.Release|Any CPU.Build.0 = Release|Any CPU
	EndGlobalSection
	GlobalSection(SolutionProperties) = preSolution
		HideSolutionNode = FALSE
	EndGlobalSection
EndGlobal
